
Microsoft Visual Studio Solution File, Format Version 12.00
# Visual Studio Version 16
VisualStudioVersion = 16.0.32929.386
MinimumVisualStudioVersion = 10.0.40219.1
Project("{FAE04EC0-301F-11D3-BF4B-00C04F79EFBC}") = "Semana_15", "Semana14-2\Semana_15.csproj", "{05471316-5A08-4F48-8D76-770F6421E93B}"
EndProject
Global
	GlobalSection(SolutionConfigurationPlatforms) = preSolution
		Debug|Any CPU = Debug|Any CPU
		Release|Any CPU = Release|Any CPU
	EndGlobalSection
	GlobalSection(ProjectConfigurationPlatforms) = postSolution
		{05471316-5A08-4F48-8D76-770F6421E93B}.Debug|Any CPU.ActiveCfg = Debug|Any CPU
		{05471316-5A08-4F48-8D76-770F6421E93B}.Debug|Any CPU.Build.0 = Debug|Any CPU
		{05471316-5A08-4F48-8D76-770F6421E93B}.Release|Any CPU.ActiveCfg = Release|Any CPU
		{05471316-5A08-4F48-8D76-770F6421E93B}.Release|Any CPU.Build.0 = Release|Any CPU
	EndGlobalSection
	GlobalSection(SolutionProperties) = preSolution
		HideSolutionNode = FALSE
	EndGlobalSection
	GlobalSection(ExtensibilityGlobals) = postSolution
		SolutionGuid = {B6FF460A-4796-4A29-BAF1-7CA08CE93DC8}
	EndGlobalSection
EndGlobal
